
Microsoft Visual Studio Solution File, Format Version 12.00
# Visual Studio Version 17
VisualStudioVersion = 17.9.34607.119
MinimumVisualStudioVersion = 10.0.40219.1
Project("{FAE04EC0-301F-11D3-BF4B-00C04F79EFBC}") = "AladipurHighSchoolReunion", "AladipurHighSchoolReunion.csproj", "{87FBCB81-4216-4384-92AC-4915AFBA444B}"
EndProject
Global
	GlobalSection(SolutionConfigurationPlatforms) = preSolution
		Debug|Any CPU = Debug|Any CPU
		Release|Any CPU = Release|Any CPU
	EndGlobalSection
	GlobalSection(ProjectConfigurationPlatforms) = postSolution
		{87FBCB81-4216-4384-92AC-4915AFBA444B}.Debug|Any CPU.ActiveCfg = Debug|Any CPU
		{87FBCB81-4216-4384-92AC-4915AFBA444B}.Debug|Any CPU.Build.0 = Debug|Any CPU
		{87FBCB81-4216-4384-92AC-4915AFBA444B}.Release|Any CPU.ActiveCfg = Release|Any CPU
		{87FBCB81-4216-4384-92AC-4915AFBA444B}.Release|Any CPU.Build.0 = Release|Any CPU
	EndGlobalSection
	GlobalSection(SolutionProperties) = preSolution
		HideSolutionNode = FALSE
	EndGlobalSection
	GlobalSection(ExtensibilityGlobals) = postSolution
		SolutionGuid = {B28EC6FA-BA63-4BE9-98F2-5FF3C27894AE}
	EndGlobalSection
EndGlobal
